Microsoft Visual Studio Solution File, Format Version 12.00
# Visual Studio Version 17
VisualStudioVersion = 17.5.2.0
MinimumVisualStudioVersion = 10.0.40219.1
Project("{FAE04EC0-301F-11D3-BF4B-00C04F79EFBC}") = "FollowTheMoney", "FollowTheMoney.csproj", "{026C4D90-DFC1-495F-961E-0592C2CBAD64}"
EndProject
Global
	GlobalSection(SolutionConfigurationPlatforms) = preSolution
		Debug|Any CPU = Debug|Any CPU
		Release|Any CPU = Release|Any CPU
	EndGlobalSection
	GlobalSection(ProjectConfigurationPlatforms) = postSolution
		{026C4D90-DFC1-495F-961E-0592C2CBAD64}.Debug|Any CPU.ActiveCfg = Debug|Any CPU
		{026C4D90-DFC1-495F-961E-0592C2CBAD64}.Debug|Any CPU.Build.0 = Debug|Any CPU
		{026C4D90-DFC1-495F-961E-0592C2CBAD64}.Release|Any CPU.ActiveCfg = Release|Any CPU
		{026C4D90-DFC1-495F-961E-0592C2CBAD64}.Release|Any CPU.Build.0 = Release|Any CPU
	EndGlobalSection
	GlobalSection(SolutionProperties) = preSolution
		HideSolutionNode = FALSE
	EndGlobalSection
	GlobalSection(ExtensibilityGlobals) = postSolution
		SolutionGuid = {21C8926D-D434-4D50-8027-EF19C8CDEBD3}
	EndGlobalSection
EndGlobal
